<Solution>
  <Folder Name="/src/">
    <Project Path="src/AFH.AI.McpGateway.Application/AFH.AI.McpGateway.Application.csproj" />
    <Project Path="src/AFH.AI.McpGateway.Contract/AFH.AI.McpGateway.Contract.csproj" />
    <Project Path="src/AFH.AI.McpGateway.Function/AFH.AI.McpGateway.Function.csproj" />
    <Project Path="src/AFH.AI.McpGateway.Infrastructure/AFH.AI.McpGateway.Infrastructure.csproj" />
  </Folder>
  <Folder Name="/tests/">
    <Project Path="tests/AFH.AI.McpGateway.Tests/AFH.AI.McpGateway.Tests.csproj" />
  </Folder>
  <Project Path="../../sdk/afh-common-ai/src/AFH.Common.AI/AFH.Common.AI.csproj" />
  <Project Path="../../sdk/afh-common-mcp/src/AFH.Common.Mcp/AFH.Common.Mcp.csproj" />
</Solution>
